
Microsoft Visual Studio Solution File, Format Version 12.00
# Visual Studio Version 16
VisualStudioVersion = 16.0.33027.164
MinimumVisualStudioVersion = 10.0.40219.1
Project("{FAE04EC0-301F-11D3-BF4B-00C04F79EFBC}") = "SistemaLoja01", "SistemaLoja01.csproj", "{B151D9F4-D1EF-4686-BAB2-9AB3ABEBE7E3}"
EndProject
Global
	GlobalSection(SolutionConfigurationPlatforms) = preSolution
		Debug|Any CPU = Debug|Any CPU
		Release|Any CPU = Release|Any CPU
	EndGlobalSection
	GlobalSection(ProjectConfigurationPlatforms) = postSolution
		{B151D9F4-D1EF-4686-BAB2-9AB3ABEBE7E3}.Debug|Any CPU.ActiveCfg = Debug|Any CPU
		{B151D9F4-D1EF-4686-BAB2-9AB3ABEBE7E3}.Debug|Any CPU.Build.0 = Debug|Any CPU
		{B151D9F4-D1EF-4686-BAB2-9AB3ABEBE7E3}.Release|Any CPU.ActiveCfg = Release|Any CPU
		{B151D9F4-D1EF-4686-BAB2-9AB3ABEBE7E3}.Release|Any CPU.Build.0 = Release|Any CPU
	EndGlobalSection
	GlobalSection(SolutionProperties) = preSolution
		HideSolutionNode = FALSE
	EndGlobalSection
	GlobalSection(ExtensibilityGlobals) = postSolution
		SolutionGuid = {E13B7B85-F12D-4795-941E-AD1ACF15BA05}
	EndGlobalSection
EndGlobal
